{
  "name": "platforms1",
  "version": "1.0.0",
  "lockfileVersion": 3,
  "requires": true,
  "packages": {
    "": {
      "name": "platforms1",
      "version": "1.0.0",
      "license": "ISC",
      "dependencies": {
        "@yana-sheglova/platforms": "^1.0.0"
      }
    },
    "node_modules/@yana-sheglova/platforms": {
      "version": "1.0.0",
      "resolved": "https://npm.pkg.github.com/download/@yana-sheglova/platforms/1.0.0/543eb0dad50f3104c934a2e5b9d8606ce4e40229",
      "integrity": "sha512-OsLnV3np74Qhg8eyw+2x7Fe4Pavh6kY9QnsUBEbKs3kLUDW6W6grjLARnMpnF7Bj6EON8JSjyh99I6LkS8dvxA=="
    }
  }
}
